<?xml version="1.0" encoding="utf-8"?>
<Project ToolsVersion="4.0" xmlns="http://schemas.microsoft.com/developer/msbuild/2003">
  <ItemGroup>
    <ApplicationDefinition Include="App.xaml" />
  </ItemGroup>
  <ItemGroup>
    <Midl Include="App.idl" />
    <Midl Include="ViewModels\PlayerViewModel.idl">
      <Filter>ViewModels</Filter>
    </Midl>
    <Midl Include="ViewModels\InfoViewModel.idl">
      <Filter>ViewModels</Filter>
    </Midl>
    <Midl Include="Data\Music.idl">
      <Filter>Data</Filter>
    </Midl>
    <Midl Include="Data\Library.idl">
      <Filter>Data</Filter>
    </Midl>
    <Midl Include="Data\ControlPageParameter.idl">
      <Filter>Data</Filter>
    </Midl>
    <Midl Include="Data\MusicInfoParameter.idl">
      <Filter>Data</Filter>
    </Midl>
  </ItemGroup>
  <ItemGroup>
    <ClCompile Include="pch.cpp" />
    <ClCompile Include="$(GeneratedFilesDir)module.g.cpp" />
    <ClCompile Include="SettingsHelper.cpp" />
    <ClCompile Include="Win32Helper.cpp" />
    <ClCompile Include="Data.cpp" />
    <ClCompile Include="Data\FolderViewParameter.cpp">
      <Filter>Data</Filter>
    </ClCompile>
  </ItemGroup>
  <ItemGroup>
    <ClInclude Include="pch.h" />
    <ClInclude Include="Win32Helper.h" />
    <ClInclude Include="SettingsHelper.h" />
    <ClInclude Include="Data.h" />
    <ClInclude Include="Data\FolderViewParameter.h">
      <Filter>Data</Filter>
    </ClInclude>
  </ItemGroup>
  <ItemGroup>
    <Image Include="Assets\Wide310x150Logo.scale-200.png">
      <Filter>Assets</Filter>
    </Image>
    <Image Include="Assets\Square150x150Logo.scale-200.png">
      <Filter>Assets</Filter>
    </Image>
    <Image Include="Assets\Square44x44Logo.targetsize-24_altform-unplated.png">
      <Filter>Assets</Filter>
    </Image>
    <Image Include="Assets\Square44x44Logo.scale-200.png">
      <Filter>Assets</Filter>
    </Image>
    <Image Include="Assets\SplashScreen.scale-200.png">
      <Filter>Assets</Filter>
    </Image>
    <Image Include="Assets\LockScreenLogo.scale-200.png">
      <Filter>Assets</Filter>
    </Image>
    <Image Include="Assets\PlayerWinRT.ico">
      <Filter>Assets</Filter>
    </Image>
    <Image Include="Assets\Wide310x150Logo.scale-400.png">
      <Filter>Assets</Filter>
    </Image>
    <Image Include="Assets\SmallTile.scale-100.png">
      <Filter>Assets</Filter>
    </Image>
    <Image Include="Assets\SmallTile.scale-200.png">
      <Filter>Assets</Filter>
    </Image>
    <Image Include="Assets\SmallTile.scale-400.png">
      <Filter>Assets</Filter>
    </Image>
    <Image Include="Assets\SplashScreen.scale-100.png">
      <Filter>Assets</Filter>
    </Image>
    <Image Include="Assets\SplashScreen.scale-400.png">
      <Filter>Assets</Filter>
    </Image>
    <Image Include="Assets\Square44x44Logo.altform-lightunplated_targetsize-16.png">
      <Filter>Assets</Filter>
    </Image>
    <Image Include="Assets\Square44x44Logo.altform-lightunplated_targetsize-48.png">
      <Filter>Assets</Filter>
    </Image>
    <Image Include="Assets\Square44x44Logo.altform-lightunplated_targetsize-256.png">
      <Filter>Assets</Filter>
    </Image>
    <Image Include="Assets\Square44x44Logo.altform-unplated_targetsize-16.png">
      <Filter>Assets</Filter>
    </Image>
    <Image Include="Assets\Square44x44Logo.altform-unplated_targetsize-48.png">
      <Filter>Assets</Filter>
    </Image>
    <Image Include="Assets\Square44x44Logo.altform-unplated_targetsize-256.png">
      <Filter>Assets</Filter>
    </Image>
    <Image Include="Assets\Square44x44Logo.scale-100.png">
      <Filter>Assets</Filter>
    </Image>
    <Image Include="Assets\Square44x44Logo.scale-400.png">
      <Filter>Assets</Filter>
    </Image>
    <Image Include="Assets\Square44x44Logo.targetsize-16.png">
      <Filter>Assets</Filter>
    </Image>
    <Image Include="Assets\Square44x44Logo.targetsize-48.png">
      <Filter>Assets</Filter>
    </Image>
    <Image Include="Assets\Square44x44Logo.targetsize-256.png">
      <Filter>Assets</Filter>
    </Image>
    <Image Include="Assets\Square150x150Logo.scale-100.png">
      <Filter>Assets</Filter>
    </Image>
    <Image Include="Assets\Square150x150Logo.scale-400.png">
      <Filter>Assets</Filter>
    </Image>
    <Image Include="Assets\StoreLogo.scale-100.png">
      <Filter>Assets</Filter>
    </Image>
    <Image Include="Assets\StoreLogo.scale-200.png">
      <Filter>Assets</Filter>
    </Image>
    <Image Include="Assets\StoreLogo.scale-400.png">
      <Filter>Assets</Filter>
    </Image>
    <Image Include="Assets\Wide310x150Logo.scale-100.png">
      <Filter>Assets</Filter>
    </Image>
    <Image Include="Assets\LargeTile.scale-200.png">
      <Filter>Assets</Filter>
    </Image>
    <Image Include="Assets\LargeTile.scale-400.png">
      <Filter>Assets</Filter>
    </Image>
    <Image Include="Assets\LargeTile.scale-100.png">
      <Filter>Assets</Filter>
    </Image>
  </ItemGroup>
  <ItemGroup>
    <Filter Include="Assets">
      <UniqueIdentifier>{207fc791-460c-4020-84cb-cc2ada9c56a1}</UniqueIdentifier>
    </Filter>
    <Filter Include="Pages">
      <UniqueIdentifier>{346956b3-2064-423c-883a-a8559476f4c8}</UniqueIdentifier>
    </Filter>
    <Filter Include="Strings">
      <UniqueIdentifier>{695139ab-fa6a-4b3f-b8c4-bae7f231455a}</UniqueIdentifier>
    </Filter>
    <Filter Include="Controls">
      <UniqueIdentifier>{aa415cea-d485-49e7-b718-870830e8bce4}</UniqueIdentifier>
    </Filter>
    <Filter Include="ViewModels">
      <UniqueIdentifier>{ee3fdf56-a3ce-471f-9f0c-a2feaaea9a6e}</UniqueIdentifier>
    </Filter>
    <Filter Include="Data">
      <UniqueIdentifier>{dac2e82e-bb3e-4d85-97d9-295545d204fe}</UniqueIdentifier>
    </Filter>
  </ItemGroup>
  <ItemGroup>
    <Manifest Include="app.manifest" />
  </ItemGroup>
  <ItemGroup>
    <AppxManifest Include="Package.appxmanifest" />
  </ItemGroup>
  <ItemGroup>
    <Natvis Include="$(MSBuildThisFileDirectory)..\..\natvis\wil.natvis" />
  </ItemGroup>
  <ItemGroup>
    <Page Include="RootPage.xaml" />
    <Page Include="Controls\LibraryEditor.xaml">
      <Filter>Controls</Filter>
    </Page>
    <Page Include="Controls\About.xaml">
      <Filter>Controls</Filter>
    </Page>
    <Page Include="Controls\Equalizer.xaml">
      <Filter>Controls</Filter>
    </Page>
    <Page Include="Controls\MusicInfo.xaml">
      <Filter>Controls</Filter>
    </Page>
    <Page Include="Pages\Welcome.xaml">
      <Filter>Pages</Filter>
    </Page>
    <Page Include="Pages\Settings.xaml">
      <Filter>Pages</Filter>
    </Page>
    <Page Include="Pages\FolderView.xaml">
      <Filter>Pages</Filter>
    </Page>
    <Page Include="Pages\NowPlaying.xaml">
      <Filter>Pages</Filter>
    </Page>
    <Page Include="Controls\InfoListItem.xaml">
      <Filter>Controls</Filter>
    </Page>
  </ItemGroup>
  <ItemGroup>
    <None Include="packages.config" />
    <None Include="Player_TemporaryKey.pfx" />
  </ItemGroup>
  <ItemGroup>
    <PRIResource Include="Strings\Resources.language-en-US.resw">
      <Filter>Strings</Filter>
    </PRIResource>
    <PRIResource Include="Strings\Resources.language-zh-CN.resw">
      <Filter>Strings</Filter>
    </PRIResource>
  </ItemGroup>
  <ItemGroup>
    <Font Include="Assets\MediaPlayerIcons.ttf">
      <Filter>Assets</Filter>
    </Font>
  </ItemGroup>
</Project>